
Microsoft Visual Studio Solution File, Format Version 12.00
# Visual Studio Version 18
VisualStudioVersion = 18.0.11116.177 d18.0
MinimumVisualStudioVersion = 10.0.40219.1
Project("{FAE04EC0-301F-11D3-BF4B-00C04F79EFBC}") = "MicrosoftAgentFramework.Utilities", "MicrosoftAgentFramework.Utilities\MicrosoftAgentFramework.Utilities.csproj", "{26DAC226-E651-4A46-A46C-A971F581E282}"
EndProject
Project("{2150E333-8FDC-42A3-9474-1A3956D46DE8}") = "ZeroToFirstAgent", "ZeroToFirstAgent", "{D17806D1-2DBE-4C6A-87C0-FEAED4F8ADF3}"
EndProject
Project("{FAE04EC0-301F-11D3-BF4B-00C04F79EFBC}") = "ZeroToFirstAgent.AnthropicClaude", "ZeroToFirstAgent.AnthropicClaude\ZeroToFirstAgent.AnthropicClaude.csproj", "{28AC948C-59E7-41F6-8081-7560FD713725}"
EndProject
Project("{FAE04EC0-301F-11D3-BF4B-00C04F79EFBC}") = "Shared", "Shared\Shared.csproj", "{D7241987-03FE-4AA9-A82D-280269FB5EC1}"
EndProject
Project("{FAE04EC0-301F-11D3-BF4B-00C04F79EFBC}") = "ZeroToFirstAgent.GoogleGemini", "ZeroToFirstAgent.GoogleGemini\ZeroToFirstAgent.GoogleGemini.csproj", "{52512860-8453-48AE-B556-1C9921053C9D}"
EndProject
Project("{FAE04EC0-301F-11D3-BF4B-00C04F79EFBC}") = "ZeroToFirstAgent.AzureOpenAi", "ZeroToFirstAgent.AzureOpenAi\ZeroToFirstAgent.AzureOpenAi.csproj", "{4C611F2B-C1D8-433B-A41B-D6BF68B61D2F}"
EndProject
Project("{FAE04EC0-301F-11D3-BF4B-00C04F79EFBC}") = "ZeroToFirstAgent.OpenAi", "ZeroToFirstAgent.OpenAi\ZeroToFirstAgent.OpenAi.csproj", "{B36D5ACB-0D23-475F-A294-9664C5F2ABCB}"
EndProject
Project("{2150E333-8FDC-42A3-9474-1A3956D46DE8}") = "SettingsAndConfiguration", "SettingsAndConfiguration", "{B648A933-6405-4E86-B159-71EA06C82F68}"
EndProject
Project("{FAE04EC0-301F-11D3-BF4B-00C04F79EFBC}") = "SettingsOnAiAgent", "SettingsOnAiAgent\SettingsOnAiAgent.csproj", "{420292EF-1D34-4342-BC72-CDCDAE689BF0}"
EndProject
Project("{2150E333-8FDC-42A3-9474-1A3956D46DE8}") = "Features", "Features", "{058445F7-F2CF-47DD-8D0C-6EA5A4FC0D4F}"
EndProject
Project("{FAE04EC0-301F-11D3-BF4B-00C04F79EFBC}") = "AgentInputData", "AgentInputData\AgentInputData.csproj", "{1C86E76C-6676-49AA-A934-CB66150E9E71}"
EndProject
Project("{FAE04EC0-301F-11D3-BF4B-00C04F79EFBC}") = "ConversationThreads", "ConversationThreads\ConversationThreads.csproj", "{4F215390-548C-44CE-BE3F-3E07DA13EFF0}"
EndProject
Project("{FAE04EC0-301F-11D3-BF4B-00C04F79EFBC}") = "StructuredOutput", "StructuredOutput\StructuredOutput.csproj", "{28458D77-5C17-4146-801F-B5EF03B0D7B1}"
EndProject
Project("{2150E333-8FDC-42A3-9474-1A3956D46DE8}") = "ToolCalling", "ToolCalling", "{F4BED57B-3CC6-426E-BD3C-08DAB837776C}"
EndProject
Project("{FAE04EC0-301F-11D3-BF4B-00C04F79EFBC}") = "ZeroToFirstAgent.OpenRouter", "ZeroToFirstAgent.OpenRouter\ZeroToFirstAgent.OpenRouter.csproj", "{1AC053F2-0791-458E-AF45-40F29EEC9511}"
EndProject
Project("{2150E333-8FDC-42A3-9474-1A3956D46DE8}") = "Workflows", "Workflows", "{51E0C08F-6126-4963-8D2C-D3EB0E339A9F}"
EndProject
Project("{FAE04EC0-301F-11D3-BF4B-00C04F79EFBC}") = "WriterReviewerWorkflow", "WriterReviewerWorkflow\WriterReviewerWorkflow.csproj", "{05C42AAC-090D-463F-B823-37C73786B395}"
EndProject
Project("{FAE04EC0-301F-11D3-BF4B-00C04F79EFBC}") = "ToolCalling.Basics", "ToolCalling.Basics\ToolCalling.Basics.csproj", "{5CAFBAA4-7675-4608-9451-473031D48903}"
EndProject
Project("{FAE04EC0-301F-11D3-BF4B-00C04F79EFBC}") = "ToolCalling.Advanced", "ToolCalling.Advanced\ToolCalling.Advanced.csproj", "{7538299A-79A6-4957-BB54-C7DF4452C3F0}"
EndProject
Project("{FAE04EC0-301F-11D3-BF4B-00C04F79EFBC}") = "Workflow.Concurrent", "Workflow.Concurrent\Workflow.Concurrent.csproj", "{BA07AD1E-4595-47AC-B7E4-4317A3E287D8}"
EndProject
Project("{FAE04EC0-301F-11D3-BF4B-00C04F79EFBC}") = "Workflow.Sequential", "Workflow.Sequential\Workflow.Sequential.csproj", "{5287D31E-73C9-4369-AB9C-DE93BA78A29E}"
EndProject
Project("{FAE04EC0-301F-11D3-BF4B-00C04F79EFBC}") = "Workflow.Handoff", "Workflow.Handoff\Workflow.Handoff.csproj", "{1BA26F25-5A28-4ADB-AA40-6082987BBDBC}"
EndProject
Project("{2150E333-8FDC-42A3-9474-1A3956D46DE8}") = "RAG", "RAG", "{2360D05B-B704-42C6-BAF7-752135C86118}"
EndProject
Project("{FAE04EC0-301F-11D3-BF4B-00C04F79EFBC}") = "UsingRAGInAgentFramework", "UsingRAGInAgentFramework\UsingRAGInAgentFramework.csproj", "{5A0F7B10-45D1-4367-984D-AAF37FA1E9EE}"
EndProject
Project("{2150E333-8FDC-42A3-9474-1A3956D46DE8}") = "OpenAiResponesApi", "OpenAiResponesApi", "{06E63B0C-1B3E-4299-AE13-BE5BC23A30C0}"
EndProject
Project("{FAE04EC0-301F-11D3-BF4B-00C04F79EFBC}") = "OpenAIResponsesApi.WebSearch", "OpenAIResponsesApi.WebSearch\OpenAIResponsesApi.WebSearch.csproj", "{703B8089-560D-40AA-A073-054473BA1177}"
EndProject
Project("{FAE04EC0-301F-11D3-BF4B-00C04F79EFBC}") = "OpenAIResponsesApi.CodeInterpreter", "OpenAIResponsesApi.CodeInterpreter\OpenAIResponsesApi.CodeInterpreter.csproj", "{89B1713C-8641-4CF9-9A86-0E0F6FBCE6B7}"
EndProject
Project("{FAE04EC0-301F-11D3-BF4B-00C04F79EFBC}") = "OpenAIResponsesApi.ReasoningSummary", "OpenAIResponsesApi.ReasoningSummary\OpenAIResponsesApi.ReasoningSummary.csproj", "{C24E4D09-9886-4F09-9983-BD95837EBCDB}"
EndProject
Project("{FAE04EC0-301F-11D3-BF4B-00C04F79EFBC}") = "OpenAIResponsesApi.SpecialModels", "OpenAIResponsesApi.SpecialModels\OpenAIResponsesApi.SpecialModels.csproj", "{2E10D377-1AD1-47B3-876C-B0386994E0D9}"
EndProject
Global
	GlobalSection(SolutionConfigurationPlatforms) = preSolution
		Debug|Any CPU = Debug|Any CPU
		Release|Any CPU = Release|Any CPU
	EndGlobalSection
	GlobalSection(ProjectConfigurationPlatforms) = postSolution
		{26DAC226-E651-4A46-A46C-A971F581E282}.Debug|Any CPU.ActiveCfg = Debug|Any CPU
		{26DAC226-E651-4A46-A46C-A971F581E282}.Debug|Any CPU.Build.0 = Debug|Any CPU
		{26DAC226-E651-4A46-A46C-A971F581E282}.Release|Any CPU.ActiveCfg = Release|Any CPU
		{26DAC226-E651-4A46-A46C-A971F581E282}.Release|Any CPU.Build.0 = Release|Any CPU
		{28AC948C-59E7-41F6-8081-7560FD713725}.Debug|Any CPU.ActiveCfg = Debug|Any CPU
		{28AC948C-59E7-41F6-8081-7560FD713725}.Debug|Any CPU.Build.0 = Debug|Any CPU
		{28AC948C-59E7-41F6-8081-7560FD713725}.Release|Any CPU.ActiveCfg = Release|Any CPU
		{28AC948C-59E7-41F6-8081-7560FD713725}.Release|Any CPU.Build.0 = Release|Any CPU
		{D7241987-03FE-4AA9-A82D-280269FB5EC1}.Debug|Any CPU.ActiveCfg = Debug|Any CPU
		{D7241987-03FE-4AA9-A82D-280269FB5EC1}.Debug|Any CPU.Build.0 = Debug|Any CPU
		{D7241987-03FE-4AA9-A82D-280269FB5EC1}.Release|Any CPU.ActiveCfg = Release|Any CPU
		{D7241987-03FE-4AA9-A82D-280269FB5EC1}.Release|Any CPU.Build.0 = Release|Any CPU
		{52512860-8453-48AE-B556-1C9921053C9D}.Debug|Any CPU.ActiveCfg = Debug|Any CPU
		{52512860-8453-48AE-B556-1C9921053C9D}.Debug|Any CPU.Build.0 = Debug|Any CPU
		{52512860-8453-48AE-B556-1C9921053C9D}.Release|Any CPU.ActiveCfg = Release|Any CPU
		{52512860-8453-48AE-B556-1C9921053C9D}.Release|Any CPU.Build.0 = Release|Any CPU
		{4C611F2B-C1D8-433B-A41B-D6BF68B61D2F}.Debug|Any CPU.ActiveCfg = Debug|Any CPU
		{4C611F2B-C1D8-433B-A41B-D6BF68B61D2F}.Debug|Any CPU.Build.0 = Debug|Any CPU
		{4C611F2B-C1D8-433B-A41B-D6BF68B61D2F}.Release|Any CPU.ActiveCfg = Release|Any CPU
		{4C611F2B-C1D8-433B-A41B-D6BF68B61D2F}.Release|Any CPU.Build.0 = Release|Any CPU
		{B36D5ACB-0D23-475F-A294-9664C5F2ABCB}.Debug|Any CPU.ActiveCfg = Debug|Any CPU
		{B36D5ACB-0D23-475F-A294-9664C5F2ABCB}.Debug|Any CPU.Build.0 = Debug|Any CPU
		{B36D5ACB-0D23-475F-A294-9664C5F2ABCB}.Release|Any CPU.ActiveCfg = Release|Any CPU
		{B36D5ACB-0D23-475F-A294-9664C5F2ABCB}.Release|Any CPU.Build.0 = Release|Any CPU
		{420292EF-1D34-4342-BC72-CDCDAE689BF0}.Debug|Any CPU.ActiveCfg = Debug|Any CPU
		{420292EF-1D34-4342-BC72-CDCDAE689BF0}.Debug|Any CPU.Build.0 = Debug|Any CPU
		{420292EF-1D34-4342-BC72-CDCDAE689BF0}.Release|Any CPU.ActiveCfg = Release|Any CPU
		{420292EF-1D34-4342-BC72-CDCDAE689BF0}.Release|Any CPU.Build.0 = Release|Any CPU
		{1C86E76C-6676-49AA-A934-CB66150E9E71}.Debug|Any CPU.ActiveCfg = Debug|Any CPU
		{1C86E76C-6676-49AA-A934-CB66150E9E71}.Debug|Any CPU.Build.0 = Debug|Any CPU
		{1C86E76C-6676-49AA-A934-CB66150E9E71}.Release|Any CPU.ActiveCfg = Release|Any CPU
		{1C86E76C-6676-49AA-A934-CB66150E9E71}.Release|Any CPU.Build.0 = Release|Any CPU
		{4F215390-548C-44CE-BE3F-3E07DA13EFF0}.Debug|Any CPU.ActiveCfg = Debug|Any CPU
		{4F215390-548C-44CE-BE3F-3E07DA13EFF0}.Debug|Any CPU.Build.0 = Debug|Any CPU
		{4F215390-548C-44CE-BE3F-3E07DA13EFF0}.Release|Any CPU.ActiveCfg = Release|Any CPU
		{4F215390-548C-44CE-BE3F-3E07DA13EFF0}.Release|Any CPU.Build.0 = Release|Any CPU
		{28458D77-5C17-4146-801F-B5EF03B0D7B1}.Debug|Any CPU.ActiveCfg = Debug|Any CPU
		{28458D77-5C17-4146-801F-B5EF03B0D7B1}.Debug|Any CPU.Build.0 = Debug|Any CPU
		{28458D77-5C17-4146-801F-B5EF03B0D7B1}.Release|Any CPU.ActiveCfg = Release|Any CPU
		{28458D77-5C17-4146-801F-B5EF03B0D7B1}.Release|Any CPU.Build.0 = Release|Any CPU
		{1AC053F2-0791-458E-AF45-40F29EEC9511}.Debug|Any CPU.ActiveCfg = Debug|Any CPU
		{1AC053F2-0791-458E-AF45-40F29EEC9511}.Debug|Any CPU.Build.0 = Debug|Any CPU
		{1AC053F2-0791-458E-AF45-40F29EEC9511}.Release|Any CPU.ActiveCfg = Release|Any CPU
		{1AC053F2-0791-458E-AF45-40F29EEC9511}.Release|Any CPU.Build.0 = Release|Any CPU
		{05C42AAC-090D-463F-B823-37C73786B395}.Debug|Any CPU.ActiveCfg = Debug|Any CPU
		{05C42AAC-090D-463F-B823-37C73786B395}.Debug|Any CPU.Build.0 = Debug|Any CPU
		{05C42AAC-090D-463F-B823-37C73786B395}.Release|Any CPU.ActiveCfg = Release|Any CPU
		{05C42AAC-090D-463F-B823-37C73786B395}.Release|Any CPU.Build.0 = Release|Any CPU
		{5CAFBAA4-7675-4608-9451-473031D48903}.Debug|Any CPU.ActiveCfg = Debug|Any CPU
		{5CAFBAA4-7675-4608-9451-473031D48903}.Debug|Any CPU.Build.0 = Debug|Any CPU
		{5CAFBAA4-7675-4608-9451-473031D48903}.Release|Any CPU.ActiveCfg = Release|Any CPU
		{5CAFBAA4-7675-4608-9451-473031D48903}.Release|Any CPU.Build.0 = Release|Any CPU
		{7538299A-79A6-4957-BB54-C7DF4452C3F0}.Debug|Any CPU.ActiveCfg = Debug|Any CPU
		{7538299A-79A6-4957-BB54-C7DF4452C3F0}.Debug|Any CPU.Build.0 = Debug|Any CPU
		{7538299A-79A6-4957-BB54-C7DF4452C3F0}.Release|Any CPU.ActiveCfg = Release|Any CPU
		{7538299A-79A6-4957-BB54-C7DF4452C3F0}.Release|Any CPU.Build.0 = Release|Any CPU
		{BA07AD1E-4595-47AC-B7E4-4317A3E287D8}.Debug|Any CPU.ActiveCfg = Debug|Any CPU
		{BA07AD1E-4595-47AC-B7E4-4317A3E287D8}.Debug|Any CPU.Build.0 = Debug|Any CPU
		{BA07AD1E-4595-47AC-B7E4-4317A3E287D8}.Release|Any CPU.ActiveCfg = Release|Any CPU
		{BA07AD1E-4595-47AC-B7E4-4317A3E287D8}.Release|Any CPU.Build.0 = Release|Any CPU
		{5287D31E-73C9-4369-AB9C-DE93BA78A29E}.Debug|Any CPU.ActiveCfg = Debug|Any CPU
		{5287D31E-73C9-4369-AB9C-DE93BA78A29E}.Debug|Any CPU.Build.0 = Debug|Any CPU
		{5287D31E-73C9-4369-AB9C-DE93BA78A29E}.Release|Any CPU.ActiveCfg = Release|Any CPU
		{5287D31E-73C9-4369-AB9C-DE93BA78A29E}.Release|Any CPU.Build.0 = Release|Any CPU
		{1BA26F25-5A28-4ADB-AA40-6082987BBDBC}.Debug|Any CPU.ActiveCfg = Debug|Any CPU
		{1BA26F25-5A28-4ADB-AA40-6082987BBDBC}.Debug|Any CPU.Build.0 = Debug|Any CPU
		{1BA26F25-5A28-4ADB-AA40-6082987BBDBC}.Release|Any CPU.ActiveCfg = Release|Any CPU
		{1BA26F25-5A28-4ADB-AA40-6082987BBDBC}.Release|Any CPU.Build.0 = Release|Any CPU
		{5A0F7B10-45D1-4367-984D-AAF37FA1E9EE}.Debug|Any CPU.ActiveCfg = Debug|Any CPU
		{5A0F7B10-45D1-4367-984D-AAF37FA1E9EE}.Debug|Any CPU.Build.0 = Debug|Any CPU
		{5A0F7B10-45D1-4367-984D-AAF37FA1E9EE}.Release|Any CPU.ActiveCfg = Release|Any CPU
		{5A0F7B10-45D1-4367-984D-AAF37FA1E9EE}.Release|Any CPU.Build.0 = Release|Any CPU
		{703B8089-560D-40AA-A073-054473BA1177}.Debug|Any CPU.ActiveCfg = Debug|Any CPU
		{703B8089-560D-40AA-A073-054473BA1177}.Debug|Any CPU.Build.0 = Debug|Any CPU
		{703B8089-560D-40AA-A073-054473BA1177}.Release|Any CPU.ActiveCfg = Release|Any CPU
		{703B8089-560D-40AA-A073-054473BA1177}.Release|Any CPU.Build.0 = Release|Any CPU
		{89B1713C-8641-4CF9-9A86-0E0F6FBCE6B7}.Debug|Any CPU.ActiveCfg = Debug|Any CPU
		{89B1713C-8641-4CF9-9A86-0E0F6FBCE6B7}.Debug|Any CPU.Build.0 = Debug|Any CPU
		{89B1713C-8641-4CF9-9A86-0E0F6FBCE6B7}.Release|Any CPU.ActiveCfg = Release|Any CPU
		{89B1713C-8641-4CF9-9A86-0E0F6FBCE6B7}.Release|Any CPU.Build.0 = Release|Any CPU
		{C24E4D09-9886-4F09-9983-BD95837EBCDB}.Debug|Any CPU.ActiveCfg = Debug|Any CPU
		{C24E4D09-9886-4F09-9983-BD95837EBCDB}.Debug|Any CPU.Build.0 = Debug|Any CPU
		{C24E4D09-9886-4F09-9983-BD95837EBCDB}.Release|Any CPU.ActiveCfg = Release|Any CPU
		{C24E4D09-9886-4F09-9983-BD95837EBCDB}.Release|Any CPU.Build.0 = Release|Any CPU
		{2E10D377-1AD1-47B3-876C-B0386994E0D9}.Debug|Any CPU.ActiveCfg = Debug|Any CPU
		{2E10D377-1AD1-47B3-876C-B0386994E0D9}.Debug|Any CPU.Build.0 = Debug|Any CPU
		{2E10D377-1AD1-47B3-876C-B0386994E0D9}.Release|Any CPU.ActiveCfg = Release|Any CPU
		{2E10D377-1AD1-47B3-876C-B0386994E0D9}.Release|Any CPU.Build.0 = Release|Any CPU
	EndGlobalSection
	GlobalSection(SolutionProperties) = preSolution
		HideSolutionNode = FALSE
	EndGlobalSection
	GlobalSection(NestedProjects) = preSolution
		{28AC948C-59E7-41F6-8081-7560FD713725} = {D17806D1-2DBE-4C6A-87C0-FEAED4F8ADF3}
		{52512860-8453-48AE-B556-1C9921053C9D} = {D17806D1-2DBE-4C6A-87C0-FEAED4F8ADF3}
		{4C611F2B-C1D8-433B-A41B-D6BF68B61D2F} = {D17806D1-2DBE-4C6A-87C0-FEAED4F8ADF3}
		{B36D5ACB-0D23-475F-A294-9664C5F2ABCB} = {D17806D1-2DBE-4C6A-87C0-FEAED4F8ADF3}
		{420292EF-1D34-4342-BC72-CDCDAE689BF0} = {B648A933-6405-4E86-B159-71EA06C82F68}
		{1C86E76C-6676-49AA-A934-CB66150E9E71} = {058445F7-F2CF-47DD-8D0C-6EA5A4FC0D4F}
		{4F215390-548C-44CE-BE3F-3E07DA13EFF0} = {058445F7-F2CF-47DD-8D0C-6EA5A4FC0D4F}
		{28458D77-5C17-4146-801F-B5EF03B0D7B1} = {058445F7-F2CF-47DD-8D0C-6EA5A4FC0D4F}
		{F4BED57B-3CC6-426E-BD3C-08DAB837776C} = {058445F7-F2CF-47DD-8D0C-6EA5A4FC0D4F}
		{1AC053F2-0791-458E-AF45-40F29EEC9511} = {D17806D1-2DBE-4C6A-87C0-FEAED4F8ADF3}
		{05C42AAC-090D-463F-B823-37C73786B395} = {51E0C08F-6126-4963-8D2C-D3EB0E339A9F}
		{5CAFBAA4-7675-4608-9451-473031D48903} = {F4BED57B-3CC6-426E-BD3C-08DAB837776C}
		{7538299A-79A6-4957-BB54-C7DF4452C3F0} = {F4BED57B-3CC6-426E-BD3C-08DAB837776C}
		{BA07AD1E-4595-47AC-B7E4-4317A3E287D8} = {51E0C08F-6126-4963-8D2C-D3EB0E339A9F}
		{5287D31E-73C9-4369-AB9C-DE93BA78A29E} = {51E0C08F-6126-4963-8D2C-D3EB0E339A9F}
		{1BA26F25-5A28-4ADB-AA40-6082987BBDBC} = {51E0C08F-6126-4963-8D2C-D3EB0E339A9F}
		{5A0F7B10-45D1-4367-984D-AAF37FA1E9EE} = {2360D05B-B704-42C6-BAF7-752135C86118}
		{703B8089-560D-40AA-A073-054473BA1177} = {06E63B0C-1B3E-4299-AE13-BE5BC23A30C0}
		{89B1713C-8641-4CF9-9A86-0E0F6FBCE6B7} = {06E63B0C-1B3E-4299-AE13-BE5BC23A30C0}
		{C24E4D09-9886-4F09-9983-BD95837EBCDB} = {06E63B0C-1B3E-4299-AE13-BE5BC23A30C0}
		{2E10D377-1AD1-47B3-876C-B0386994E0D9} = {06E63B0C-1B3E-4299-AE13-BE5BC23A30C0}
	EndGlobalSection
EndGlobal
