
Microsoft Visual Studio Solution File, Format Version 12.00
Project("{FAE04EC0-301F-11D3-BF4B-00C04F79EFBC}") = "MicrosoftAgentFramework.Utilities", "MicrosoftAgentFramework.Utilities\MicrosoftAgentFramework.Utilities.csproj", "{26DAC226-E651-4A46-A46C-A971F581E282}"
EndProject
Project("{2150E333-8FDC-42A3-9474-1A3956D46DE8}") = "ZeroToFirstAgent", "ZeroToFirstAgent", "{D17806D1-2DBE-4C6A-87C0-FEAED4F8ADF3}"
EndProject
Project("{FAE04EC0-301F-11D3-BF4B-00C04F79EFBC}") = "ZeroToFirstAgent.AnthropicClaude", "ZeroToFirstAgent.AnthropicClaude\ZeroToFirstAgent.AnthropicClaude.csproj", "{28AC948C-59E7-41F6-8081-7560FD713725}"
EndProject
Project("{FAE04EC0-301F-11D3-BF4B-00C04F79EFBC}") = "Shared", "Shared\Shared.csproj", "{D7241987-03FE-4AA9-A82D-280269FB5EC1}"
EndProject
Global
	GlobalSection(SolutionConfigurationPlatforms) = preSolution
		Debug|Any CPU = Debug|Any CPU
		Release|Any CPU = Release|Any CPU
	EndGlobalSection
	GlobalSection(ProjectConfigurationPlatforms) = postSolution
		{26DAC226-E651-4A46-A46C-A971F581E282}.Debug|Any CPU.ActiveCfg = Debug|Any CPU
		{26DAC226-E651-4A46-A46C-A971F581E282}.Debug|Any CPU.Build.0 = Debug|Any CPU
		{26DAC226-E651-4A46-A46C-A971F581E282}.Release|Any CPU.ActiveCfg = Release|Any CPU
		{26DAC226-E651-4A46-A46C-A971F581E282}.Release|Any CPU.Build.0 = Release|Any CPU
		{28AC948C-59E7-41F6-8081-7560FD713725}.Debug|Any CPU.ActiveCfg = Debug|Any CPU
		{28AC948C-59E7-41F6-8081-7560FD713725}.Debug|Any CPU.Build.0 = Debug|Any CPU
		{28AC948C-59E7-41F6-8081-7560FD713725}.Release|Any CPU.ActiveCfg = Release|Any CPU
		{28AC948C-59E7-41F6-8081-7560FD713725}.Release|Any CPU.Build.0 = Release|Any CPU
		{D7241987-03FE-4AA9-A82D-280269FB5EC1}.Debug|Any CPU.ActiveCfg = Debug|Any CPU
		{D7241987-03FE-4AA9-A82D-280269FB5EC1}.Debug|Any CPU.Build.0 = Debug|Any CPU
		{D7241987-03FE-4AA9-A82D-280269FB5EC1}.Release|Any CPU.ActiveCfg = Release|Any CPU
		{D7241987-03FE-4AA9-A82D-280269FB5EC1}.Release|Any CPU.Build.0 = Release|Any CPU
	EndGlobalSection
	GlobalSection(NestedProjects) = preSolution
		{28AC948C-59E7-41F6-8081-7560FD713725} = {D17806D1-2DBE-4C6A-87C0-FEAED4F8ADF3}
	EndGlobalSection
EndGlobal
